
Microsoft Visual Studio Solution File, Format Version 12.00
# Visual Studio Version 17
VisualStudioVersion = 17.14.36811.4 d17.14
MinimumVisualStudioVersion = 10.0.40219.1
Project("{E24C65DC-7377-472B-9ABA-BC803B73C61A}") = "Personal_Web", "F:\Projects\Personal_Web\", "{A7CC4A2F-561D-CF83-7C77-B322226B3D00}"
	ProjectSection(WebsiteProperties) = preProject
		TargetFrameworkMoniker = ".NETFramework,Version%3Dv4.8"
		Debug.AspNetCompiler.VirtualPath = "/localhost_58088"
		Debug.AspNetCompiler.PhysicalPath = "F:\Projects\Personal_Web\"
		Debug.AspNetCompiler.TargetPath = "PrecompiledWeb\localhost_58088\"
		Debug.AspNetCompiler.Updateable = "true"
		Debug.AspNetCompiler.ForceOverwrite = "true"
		Debug.AspNetCompiler.FixedNames = "false"
		Debug.AspNetCompiler.Debug = "True"
		Release.AspNetCompiler.VirtualPath = "/localhost_58088"
		Release.AspNetCompiler.PhysicalPath = "F:\Projects\Personal_Web\"
		Release.AspNetCompiler.TargetPath = "PrecompiledWeb\localhost_58088\"
		Release.AspNetCompiler.Updateable = "true"
		Release.AspNetCompiler.ForceOverwrite = "true"
		Release.AspNetCompiler.FixedNames = "false"
		Release.AspNetCompiler.Debug = "False"
		VWDPort = "58088"
	EndProjectSection
EndProject
Global
	GlobalSection(SolutionConfigurationPlatforms) = preSolution
		Debug|Any CPU = Debug|Any CPU
	EndGlobalSection
	GlobalSection(ProjectConfigurationPlatforms) = postSolution
		{A7CC4A2F-561D-CF83-7C77-B322226B3D00}.Debug|Any CPU.ActiveCfg = Debug|Any CPU
		{A7CC4A2F-561D-CF83-7C77-B322226B3D00}.Debug|Any CPU.Build.0 = Debug|Any CPU
	EndGlobalSection
	GlobalSection(SolutionProperties) = preSolution
		HideSolutionNode = FALSE
	EndGlobalSection
	GlobalSection(ExtensibilityGlobals) = postSolution
		SolutionGuid = {3CE6D6AB-E631-46EF-A9C2-D648CAF48FDF}
	EndGlobalSection
EndGlobal
